
Microsoft Visual Studio Solution File, Format Version 12.00
# Visual Studio Version 17
VisualStudioVersion = 17.10.34928.147
MinimumVisualStudioVersion = 10.0.40219.1
Project("{9A19103F-16F7-4668-BE54-9A1E7A4F7556}") = "1Heranca_ConceitoSintaxe", "1Heranca_ConceitoSintaxe.csproj", "{102FFDAE-62DA-4314-BE9C-83DC2591B155}"
EndProject
Project("{9A19103F-16F7-4668-BE54-9A1E7A4F7556}") = "2Heranca_ModifAcesso", "..\2Heranca_ModifAcesso\2Heranca_ModifAcesso.csproj", "{AF1DE6D6-1BEA-4681-B700-9D5C1C76118E}"
EndProject
Project("{9A19103F-16F7-4668-BE54-9A1E7A4F7556}") = "3Heranca_Construtores", "..\3Heranca_Construtores\3Heranca_Construtores.csproj", "{91535BE1-F772-4F59-AE83-2ECA30C06CD9}"
EndProject
Project("{9A19103F-16F7-4668-BE54-9A1E7A4F7556}") = "4Heranca_Object", "..\4Heranca_Object\4Heranca_Object.csproj", "{4B9FEC7E-1024-480F-AD90-654A80859D15}"
EndProject
Project("{FAE04EC0-301F-11D3-BF4B-00C04F79EFBC}") = "5Heranca_Modificador_New", "..\5Heranca_Modificador_New\5Heranca_Modificador_New.csproj", "{93D08D08-E680-44FA-8C4F-874245C302AF}"
EndProject
Global
	GlobalSection(SolutionConfigurationPlatforms) = preSolution
		Debug|Any CPU = Debug|Any CPU
		Release|Any CPU = Release|Any CPU
	EndGlobalSection
	GlobalSection(ProjectConfigurationPlatforms) = postSolution
		{102FFDAE-62DA-4314-BE9C-83DC2591B155}.Debug|Any CPU.ActiveCfg = Debug|Any CPU
		{102FFDAE-62DA-4314-BE9C-83DC2591B155}.Debug|Any CPU.Build.0 = Debug|Any CPU
		{102FFDAE-62DA-4314-BE9C-83DC2591B155}.Release|Any CPU.ActiveCfg = Release|Any CPU
		{102FFDAE-62DA-4314-BE9C-83DC2591B155}.Release|Any CPU.Build.0 = Release|Any CPU
		{AF1DE6D6-1BEA-4681-B700-9D5C1C76118E}.Debug|Any CPU.ActiveCfg = Debug|Any CPU
		{AF1DE6D6-1BEA-4681-B700-9D5C1C76118E}.Debug|Any CPU.Build.0 = Debug|Any CPU
		{AF1DE6D6-1BEA-4681-B700-9D5C1C76118E}.Release|Any CPU.ActiveCfg = Release|Any CPU
		{AF1DE6D6-1BEA-4681-B700-9D5C1C76118E}.Release|Any CPU.Build.0 = Release|Any CPU
		{91535BE1-F772-4F59-AE83-2ECA30C06CD9}.Debug|Any CPU.ActiveCfg = Debug|Any CPU
		{91535BE1-F772-4F59-AE83-2ECA30C06CD9}.Debug|Any CPU.Build.0 = Debug|Any CPU
		{91535BE1-F772-4F59-AE83-2ECA30C06CD9}.Release|Any CPU.ActiveCfg = Release|Any CPU
		{91535BE1-F772-4F59-AE83-2ECA30C06CD9}.Release|Any CPU.Build.0 = Release|Any CPU
		{4B9FEC7E-1024-480F-AD90-654A80859D15}.Debug|Any CPU.ActiveCfg = Debug|Any CPU
		{4B9FEC7E-1024-480F-AD90-654A80859D15}.Debug|Any CPU.Build.0 = Debug|Any CPU
		{4B9FEC7E-1024-480F-AD90-654A80859D15}.Release|Any CPU.ActiveCfg = Release|Any CPU
		{4B9FEC7E-1024-480F-AD90-654A80859D15}.Release|Any CPU.Build.0 = Release|Any CPU
		{93D08D08-E680-44FA-8C4F-874245C302AF}.Debug|Any CPU.ActiveCfg = Debug|Any CPU
		{93D08D08-E680-44FA-8C4F-874245C302AF}.Debug|Any CPU.Build.0 = Debug|Any CPU
		{93D08D08-E680-44FA-8C4F-874245C302AF}.Release|Any CPU.ActiveCfg = Release|Any CPU
		{93D08D08-E680-44FA-8C4F-874245C302AF}.Release|Any CPU.Build.0 = Release|Any CPU
	EndGlobalSection
	GlobalSection(SolutionProperties) = preSolution
		HideSolutionNode = FALSE
	EndGlobalSection
	GlobalSection(ExtensibilityGlobals) = postSolution
		SolutionGuid = {73875951-A5F9-4C66-95F5-51D99185BB88}
	EndGlobalSection
EndGlobal
