
Microsoft Visual Studio Solution File, Format Version 12.00
# Visual Studio Version 17
VisualStudioVersion = 17.9.34728.123
MinimumVisualStudioVersion = 10.0.40219.1
Project("{9A19103F-16F7-4668-BE54-9A1E7A4F7556}") = "1Arrays", "1Arrays\1Arrays.csproj", "{ACC8CAE9-E6BA-44AE-8B7C-C8A67D8CDCA9}"
EndProject
Project("{9A19103F-16F7-4668-BE54-9A1E7A4F7556}") = "10ClasseArray_Metodos", "10ClasseArray_Metodos\10ClasseArray_Metodos.csproj", "{3E7990B2-AE0E-489D-92BF-4CFC53238042}"
EndProject
Project("{9A19103F-16F7-4668-BE54-9A1E7A4F7556}") = "2ArrayExercicio", "2ArrayExercicio\2ArrayExercicio.csproj", "{58136751-651E-4295-BA04-A2DE1E42898D}"
EndProject
Project("{9A19103F-16F7-4668-BE54-9A1E7A4F7556}") = "9Modificador_Params", "9Modificador_Params\9Modificador_Params.csproj", "{5CE41333-F43A-4D7F-B3F8-6C97C37C3569}"
EndProject
Project("{9A19103F-16F7-4668-BE54-9A1E7A4F7556}") = "3ArraysBidimensionais", "3ArraysBidimensionais\3ArraysBidimensionais.csproj", "{D17E7504-22DB-418A-9837-E4A4C5D4E595}"
EndProject
Project("{FAE04EC0-301F-11D3-BF4B-00C04F79EFBC}") = "4ArrayBidimensionalExercicio", "4ArrayBidimensionalExercicio\4ArrayBidimensionalExercicio.csproj", "{B67C3F61-FE36-4AED-A102-D47789BADD97}"
EndProject
Global
	GlobalSection(SolutionConfigurationPlatforms) = preSolution
		Debug|Any CPU = Debug|Any CPU
		Release|Any CPU = Release|Any CPU
	EndGlobalSection
	GlobalSection(ProjectConfigurationPlatforms) = postSolution
		{ACC8CAE9-E6BA-44AE-8B7C-C8A67D8CDCA9}.Debug|Any CPU.ActiveCfg = Debug|Any CPU
		{ACC8CAE9-E6BA-44AE-8B7C-C8A67D8CDCA9}.Debug|Any CPU.Build.0 = Debug|Any CPU
		{ACC8CAE9-E6BA-44AE-8B7C-C8A67D8CDCA9}.Release|Any CPU.ActiveCfg = Release|Any CPU
		{ACC8CAE9-E6BA-44AE-8B7C-C8A67D8CDCA9}.Release|Any CPU.Build.0 = Release|Any CPU
		{3E7990B2-AE0E-489D-92BF-4CFC53238042}.Debug|Any CPU.ActiveCfg = Debug|Any CPU
		{3E7990B2-AE0E-489D-92BF-4CFC53238042}.Debug|Any CPU.Build.0 = Debug|Any CPU
		{3E7990B2-AE0E-489D-92BF-4CFC53238042}.Release|Any CPU.ActiveCfg = Release|Any CPU
		{3E7990B2-AE0E-489D-92BF-4CFC53238042}.Release|Any CPU.Build.0 = Release|Any CPU
		{58136751-651E-4295-BA04-A2DE1E42898D}.Debug|Any CPU.ActiveCfg = Debug|Any CPU
		{58136751-651E-4295-BA04-A2DE1E42898D}.Debug|Any CPU.Build.0 = Debug|Any CPU
		{58136751-651E-4295-BA04-A2DE1E42898D}.Release|Any CPU.ActiveCfg = Release|Any CPU
		{58136751-651E-4295-BA04-A2DE1E42898D}.Release|Any CPU.Build.0 = Release|Any CPU
		{5CE41333-F43A-4D7F-B3F8-6C97C37C3569}.Debug|Any CPU.ActiveCfg = Debug|Any CPU
		{5CE41333-F43A-4D7F-B3F8-6C97C37C3569}.Debug|Any CPU.Build.0 = Debug|Any CPU
		{5CE41333-F43A-4D7F-B3F8-6C97C37C3569}.Release|Any CPU.ActiveCfg = Release|Any CPU
		{5CE41333-F43A-4D7F-B3F8-6C97C37C3569}.Release|Any CPU.Build.0 = Release|Any CPU
		{D17E7504-22DB-418A-9837-E4A4C5D4E595}.Debug|Any CPU.ActiveCfg = Debug|Any CPU
		{D17E7504-22DB-418A-9837-E4A4C5D4E595}.Debug|Any CPU.Build.0 = Debug|Any CPU
		{D17E7504-22DB-418A-9837-E4A4C5D4E595}.Release|Any CPU.ActiveCfg = Release|Any CPU
		{D17E7504-22DB-418A-9837-E4A4C5D4E595}.Release|Any CPU.Build.0 = Release|Any CPU
		{B67C3F61-FE36-4AED-A102-D47789BADD97}.Debug|Any CPU.ActiveCfg = Debug|Any CPU
		{B67C3F61-FE36-4AED-A102-D47789BADD97}.Debug|Any CPU.Build.0 = Debug|Any CPU
		{B67C3F61-FE36-4AED-A102-D47789BADD97}.Release|Any CPU.ActiveCfg = Release|Any CPU
		{B67C3F61-FE36-4AED-A102-D47789BADD97}.Release|Any CPU.Build.0 = Release|Any CPU
	EndGlobalSection
	GlobalSection(SolutionProperties) = preSolution
		HideSolutionNode = FALSE
	EndGlobalSection
	GlobalSection(ExtensibilityGlobals) = postSolution
		SolutionGuid = {DE692131-8B3B-432F-8302-7CBE2748B99E}
	EndGlobalSection
EndGlobal
