
Microsoft Visual Studio Solution File, Format Version 12.00
# Visual Studio Version 17
VisualStudioVersion = 17.9.34607.119
MinimumVisualStudioVersion = 10.0.40219.1
Project("{9A19103F-16F7-4668-BE54-9A1E7A4F7556}") = "TiposDeDados1", "TiposDeDados1\TiposDeDados1.csproj", "{ADA18AA7-75F9-49BA-872A-7231F1C194B5}"
EndProject
Project("{9A19103F-16F7-4668-BE54-9A1E7A4F7556}") = "TiposDeDados2", "TipoDeDados2\TiposDeDados2.csproj", "{18EAF55E-8B81-4465-9E93-FC846F9EC920}"
EndProject
Project("{9A19103F-16F7-4668-BE54-9A1E7A4F7556}") = "TiposDeDados3", "TiposDeDados3\TiposDeDados3.csproj", "{35F4E608-5ECA-4591-873B-4DDC8DBE61FD}"
EndProject
Project("{9A19103F-16F7-4668-BE54-9A1E7A4F7556}") = "TiposDeDados4", "TiposDeDados4\TiposDeDados4.csproj", "{375EC89C-6E53-4D91-9152-5118A1FE584B}"
EndProject
Project("{9A19103F-16F7-4668-BE54-9A1E7A4F7556}") = "TipoDateTime1", "TipoDateTime1\TipoDateTime1.csproj", "{73AAE7E1-81AC-419F-9930-3E4AF6D4FD7C}"
EndProject
Project("{9A19103F-16F7-4668-BE54-9A1E7A4F7556}") = "NullableTypes1", "NullableTypes1\NullableTypes1.csproj", "{0444B26E-7BD2-40A4-ACCF-818DCE5CB9EB}"
EndProject
Project("{9A19103F-16F7-4668-BE54-9A1E7A4F7556}") = "Identificadores", "Identificadores\Identificadores.csproj", "{AB578E7C-9E83-4331-9DD1-6CD0961AFA44}"
EndProject
Project("{9A19103F-16F7-4668-BE54-9A1E7A4F7556}") = "ExerciciosFase1Fundamentos", "ExerciciosFase1Fundamentos\ExerciciosFase1Fundamentos.csproj", "{AF47AAA3-395F-47B4-AB33-CF9C4687E5EB}"
EndProject
Project("{FAE04EC0-301F-11D3-BF4B-00C04F79EFBC}") = "SaidaDados", "SaidaDados\SaidaDados.csproj", "{749288BD-74E1-458D-B05E-8F2A12E64B08}"
EndProject
Global
	GlobalSection(SolutionConfigurationPlatforms) = preSolution
		Debug|Any CPU = Debug|Any CPU
		Release|Any CPU = Release|Any CPU
	EndGlobalSection
	GlobalSection(ProjectConfigurationPlatforms) = postSolution
		{ADA18AA7-75F9-49BA-872A-7231F1C194B5}.Debug|Any CPU.ActiveCfg = Debug|Any CPU
		{ADA18AA7-75F9-49BA-872A-7231F1C194B5}.Debug|Any CPU.Build.0 = Debug|Any CPU
		{ADA18AA7-75F9-49BA-872A-7231F1C194B5}.Release|Any CPU.ActiveCfg = Release|Any CPU
		{ADA18AA7-75F9-49BA-872A-7231F1C194B5}.Release|Any CPU.Build.0 = Release|Any CPU
		{18EAF55E-8B81-4465-9E93-FC846F9EC920}.Debug|Any CPU.ActiveCfg = Debug|Any CPU
		{18EAF55E-8B81-4465-9E93-FC846F9EC920}.Debug|Any CPU.Build.0 = Debug|Any CPU
		{18EAF55E-8B81-4465-9E93-FC846F9EC920}.Release|Any CPU.ActiveCfg = Release|Any CPU
		{18EAF55E-8B81-4465-9E93-FC846F9EC920}.Release|Any CPU.Build.0 = Release|Any CPU
		{35F4E608-5ECA-4591-873B-4DDC8DBE61FD}.Debug|Any CPU.ActiveCfg = Debug|Any CPU
		{35F4E608-5ECA-4591-873B-4DDC8DBE61FD}.Debug|Any CPU.Build.0 = Debug|Any CPU
		{35F4E608-5ECA-4591-873B-4DDC8DBE61FD}.Release|Any CPU.ActiveCfg = Release|Any CPU
		{35F4E608-5ECA-4591-873B-4DDC8DBE61FD}.Release|Any CPU.Build.0 = Release|Any CPU
		{375EC89C-6E53-4D91-9152-5118A1FE584B}.Debug|Any CPU.ActiveCfg = Debug|Any CPU
		{375EC89C-6E53-4D91-9152-5118A1FE584B}.Debug|Any CPU.Build.0 = Debug|Any CPU
		{375EC89C-6E53-4D91-9152-5118A1FE584B}.Release|Any CPU.ActiveCfg = Release|Any CPU
		{375EC89C-6E53-4D91-9152-5118A1FE584B}.Release|Any CPU.Build.0 = Release|Any CPU
		{73AAE7E1-81AC-419F-9930-3E4AF6D4FD7C}.Debug|Any CPU.ActiveCfg = Debug|Any CPU
		{73AAE7E1-81AC-419F-9930-3E4AF6D4FD7C}.Debug|Any CPU.Build.0 = Debug|Any CPU
		{73AAE7E1-81AC-419F-9930-3E4AF6D4FD7C}.Release|Any CPU.ActiveCfg = Release|Any CPU
		{73AAE7E1-81AC-419F-9930-3E4AF6D4FD7C}.Release|Any CPU.Build.0 = Release|Any CPU
		{0444B26E-7BD2-40A4-ACCF-818DCE5CB9EB}.Debug|Any CPU.ActiveCfg = Debug|Any CPU
		{0444B26E-7BD2-40A4-ACCF-818DCE5CB9EB}.Debug|Any CPU.Build.0 = Debug|Any CPU
		{0444B26E-7BD2-40A4-ACCF-818DCE5CB9EB}.Release|Any CPU.ActiveCfg = Release|Any CPU
		{0444B26E-7BD2-40A4-ACCF-818DCE5CB9EB}.Release|Any CPU.Build.0 = Release|Any CPU
		{AB578E7C-9E83-4331-9DD1-6CD0961AFA44}.Debug|Any CPU.ActiveCfg = Debug|Any CPU
		{AB578E7C-9E83-4331-9DD1-6CD0961AFA44}.Debug|Any CPU.Build.0 = Debug|Any CPU
		{AB578E7C-9E83-4331-9DD1-6CD0961AFA44}.Release|Any CPU.ActiveCfg = Release|Any CPU
		{AB578E7C-9E83-4331-9DD1-6CD0961AFA44}.Release|Any CPU.Build.0 = Release|Any CPU
		{AF47AAA3-395F-47B4-AB33-CF9C4687E5EB}.Debug|Any CPU.ActiveCfg = Debug|Any CPU
		{AF47AAA3-395F-47B4-AB33-CF9C4687E5EB}.Debug|Any CPU.Build.0 = Debug|Any CPU
		{AF47AAA3-395F-47B4-AB33-CF9C4687E5EB}.Release|Any CPU.ActiveCfg = Release|Any CPU
		{AF47AAA3-395F-47B4-AB33-CF9C4687E5EB}.Release|Any CPU.Build.0 = Release|Any CPU
		{749288BD-74E1-458D-B05E-8F2A12E64B08}.Debug|Any CPU.ActiveCfg = Debug|Any CPU
		{749288BD-74E1-458D-B05E-8F2A12E64B08}.Debug|Any CPU.Build.0 = Debug|Any CPU
		{749288BD-74E1-458D-B05E-8F2A12E64B08}.Release|Any CPU.ActiveCfg = Release|Any CPU
		{749288BD-74E1-458D-B05E-8F2A12E64B08}.Release|Any CPU.Build.0 = Release|Any CPU
	EndGlobalSection
	GlobalSection(SolutionProperties) = preSolution
		HideSolutionNode = FALSE
	EndGlobalSection
	GlobalSection(ExtensibilityGlobals) = postSolution
		SolutionGuid = {B36ADE3A-4A64-476D-B95C-677C9417348D}
	EndGlobalSection
EndGlobal
