
Microsoft Visual Studio Solution File, Format Version 12.00
# Visual Studio Version 17
VisualStudioVersion = 17.9.34607.119
MinimumVisualStudioVersion = 10.0.40219.1
Project("{FAE04EC0-301F-11D3-BF4B-00C04F79EFBC}") = "ClassesMetodos", "ClassesMetodos.csproj", "{15DD5849-3762-4A2B-AE72-736F6D2D6943}"
EndProject
Global
	GlobalSection(SolutionConfigurationPlatforms) = preSolution
		Debug|Any CPU = Debug|Any CPU
		Release|Any CPU = Release|Any CPU
	EndGlobalSection
	GlobalSection(ProjectConfigurationPlatforms) = postSolution
		{15DD5849-3762-4A2B-AE72-736F6D2D6943}.Debug|Any CPU.ActiveCfg = Debug|Any CPU
		{15DD5849-3762-4A2B-AE72-736F6D2D6943}.Debug|Any CPU.Build.0 = Debug|Any CPU
		{15DD5849-3762-4A2B-AE72-736F6D2D6943}.Release|Any CPU.ActiveCfg = Release|Any CPU
		{15DD5849-3762-4A2B-AE72-736F6D2D6943}.Release|Any CPU.Build.0 = Release|Any CPU
	EndGlobalSection
	GlobalSection(SolutionProperties) = preSolution
		HideSolutionNode = FALSE
	EndGlobalSection
	GlobalSection(ExtensibilityGlobals) = postSolution
		SolutionGuid = {CC19AE02-386F-4684-9945-46EBC098D434}
	EndGlobalSection
EndGlobal
